
Microsoft Visual Studio Solution File, Format Version 12.00
# Visual Studio Version 16
VisualStudioVersion = 16.0.29613.14
MinimumVisualStudioVersion = 10.0.40219.1
Project("{FAE04EC0-301F-11D3-BF4B-00C04F79EFBC}") = "TestMorning", "TestMorning\TestMorning.csproj", "{01F9C0A4-B9E1-443E-B5C9-E9D89DFEBE08}"
EndProject
Global
	GlobalSection(SolutionConfigurationPlatforms) = preSolution
		Debug|Any CPU = Debug|Any CPU
		Release|Any CPU = Release|Any CPU
	EndGlobalSection
	GlobalSection(ProjectConfigurationPlatforms) = postSolution
		{01F9C0A4-B9E1-443E-B5C9-E9D89DFEBE08}.Debug|Any CPU.ActiveCfg = Debug|Any CPU
		{01F9C0A4-B9E1-443E-B5C9-E9D89DFEBE08}.Debug|Any CPU.Build.0 = Debug|Any CPU
		{01F9C0A4-B9E1-443E-B5C9-E9D89DFEBE08}.Release|Any CPU.ActiveCfg = Release|Any CPU
		{01F9C0A4-B9E1-443E-B5C9-E9D89DFEBE08}.Release|Any CPU.Build.0 = Release|Any CPU
	EndGlobalSection
	GlobalSection(SolutionProperties) = preSolution
		HideSolutionNode = FALSE
	EndGlobalSection
	GlobalSection(ExtensibilityGlobals) = postSolution
		SolutionGuid = {DF87E42B-C93D-48F8-8D0F-77801C34FDE7}
	EndGlobalSection
EndGlobal
